{
  "version": 4,
  "terraform_version": "1.3.5",
  "serial": 4,
  "lineage": "2db9600f-49c4-045d-ee5e-0ed6ed91d1b6",
  "outputs": {},
  "resources": [
    {
      "mode": "managed",
      "type": "aws_iam_group",
      "name": "group",
      "provider": "provider[\"registry.terraform.io/hashicorp/aws\"]",
      "instances": [
        {
          "schema_version": 0,
          "attributes": {
            "arn": "arn:aws:iam::100472621715:group/eks-cluster",
            "id": "eks-cluster",
            "name": "eks-cluster",
            "path": "/",
            "unique_id": "AGPAROZFCRKJVSPE2TPIG"
          },
          "sensitive_attributes": [],
          "private": "bnVsbA=="
        }
      ]
    },
    {
      "mode": "managed",
      "type": "aws_iam_group_membership",
      "name": "group_membership",
      "provider": "provider[\"registry.terraform.io/hashicorp/aws\"]",
      "instances": [
        {
          "schema_version": 0,
          "attributes": {
            "group": "eks-cluster",
            "id": "eks-cluster-testing-group",
            "name": "eks-cluster-testing-group",
            "users": [
              "faizan"
            ]
          },
          "sensitive_attributes": [],
          "private": "bnVsbA==",
          "dependencies": [
            "aws_iam_group.group",
            "aws_iam_user.employee"
          ]
        }
      ]
    },
    {
      "mode": "managed",
      "type": "aws_iam_user",
      "name": "employee",
      "provider": "provider[\"registry.terraform.io/hashicorp/aws\"]",
      "instances": [
        {
          "schema_version": 0,
          "attributes": {
            "arn": "arn:aws:iam::100472621715:user/faizan",
            "force_destroy": false,
            "id": "faizan",
            "name": "faizan",
            "path": "/",
            "permissions_boundary": null,
            "tags": null,
            "tags_all": {},
            "unique_id": "AIDAROZFCRKJ3VAK5WAIP"
          },
          "sensitive_attributes": [],
          "private": "bnVsbA=="
        }
      ]
    }
  ],
  "check_results": null
}
